
Microsoft Visual Studio Solution File, Format Version 12.00
# Visual Studio Version 17
VisualStudioVersion = 17.5.002.0
MinimumVisualStudioVersion = 10.0.40219.1
Project("{9A19103F-16F7-4668-BE54-9A1E7A4F7556}") = "OOP", "OOP.csproj", "{89732BF5-8021-4131-A814-67B38171B836}"
EndProject
Global
	GlobalSection(SolutionConfigurationPlatforms) = preSolution
		Debug|Any CPU = Debug|Any CPU
		Release|Any CPU = Release|Any CPU
	EndGlobalSection
	GlobalSection(ProjectConfigurationPlatforms) = postSolution
		{89732BF5-8021-4131-A814-67B38171B836}.Debug|Any CPU.ActiveCfg = Debug|Any CPU
		{89732BF5-8021-4131-A814-67B38171B836}.Debug|Any CPU.Build.0 = Debug|Any CPU
		{89732BF5-8021-4131-A814-67B38171B836}.Release|Any CPU.ActiveCfg = Release|Any CPU
		{89732BF5-8021-4131-A814-67B38171B836}.Release|Any CPU.Build.0 = Release|Any CPU
	EndGlobalSection
	GlobalSection(SolutionProperties) = preSolution
		HideSolutionNode = FALSE
	EndGlobalSection
	GlobalSection(ExtensibilityGlobals) = postSolution
		SolutionGuid = {757454E8-C903-4D35-87AB-82B5ABDDA238}
	EndGlobalSection
EndGlobal
