
Microsoft Visual Studio Solution File, Format Version 12.00
# Visual Studio Version 17
VisualStudioVersion = 17.5.002.0
MinimumVisualStudioVersion = 10.0.40219.1
Project("{9A19103F-16F7-4668-BE54-9A1E7A4F7556}") = "Lesson12", "Lesson12.csproj", "{F3B6FBCB-FC66-463F-8FCD-F553F4F8D525}"
EndProject
Global
	GlobalSection(SolutionConfigurationPlatforms) = preSolution
		Debug|Any CPU = Debug|Any CPU
		Release|Any CPU = Release|Any CPU
	EndGlobalSection
	GlobalSection(ProjectConfigurationPlatforms) = postSolution
		{F3B6FBCB-FC66-463F-8FCD-F553F4F8D525}.Debug|Any CPU.ActiveCfg = Debug|Any CPU
		{F3B6FBCB-FC66-463F-8FCD-F553F4F8D525}.Debug|Any CPU.Build.0 = Debug|Any CPU
		{F3B6FBCB-FC66-463F-8FCD-F553F4F8D525}.Release|Any CPU.ActiveCfg = Release|Any CPU
		{F3B6FBCB-FC66-463F-8FCD-F553F4F8D525}.Release|Any CPU.Build.0 = Release|Any CPU
	EndGlobalSection
	GlobalSection(SolutionProperties) = preSolution
		HideSolutionNode = FALSE
	EndGlobalSection
	GlobalSection(ExtensibilityGlobals) = postSolution
		SolutionGuid = {AADB0E18-3746-4A01-A026-CAEC8B6C7194}
	EndGlobalSection
EndGlobal
